
Microsoft Visual Studio Solution File, Format Version 12.00
# Visual Studio Express 2012 for Windows Desktop
Project("{FAE04EC0-301F-11D3-BF4B-00C04F79EFBC}") = "FuncionSinparametroConRetorno", "FuncionSinparametroConRetorno\FuncionSinparametroConRetorno.csproj", "{59827EAD-FB04-4797-88C2-5272B2C5235A}"
EndProject
Global
	GlobalSection(SolutionConfigurationPlatforms) = preSolution
		Debug|Any CPU = Debug|Any CPU
		Release|Any CPU = Release|Any CPU
	EndGlobalSection
	GlobalSection(ProjectConfigurationPlatforms) = postSolution
		{59827EAD-FB04-4797-88C2-5272B2C5235A}.Debug|Any CPU.ActiveCfg = Debug|Any CPU
		{59827EAD-FB04-4797-88C2-5272B2C5235A}.Debug|Any CPU.Build.0 = Debug|Any CPU
		{59827EAD-FB04-4797-88C2-5272B2C5235A}.Release|Any CPU.ActiveCfg = Release|Any CPU
		{59827EAD-FB04-4797-88C2-5272B2C5235A}.Release|Any CPU.Build.0 = Release|Any CPU
	EndGlobalSection
	GlobalSection(SolutionProperties) = preSolution
		HideSolutionNode = FALSE
	EndGlobalSection
EndGlobal
